	<Project xmlns="http://schemas.microsoft.com/developer/msbuild/2003">
		<PropertyGroup>
			<ProjectGuid>{af263391-a033-46e8-99d5-aa6fd4ec1ab6}</ProjectGuid>
			<MainSource>TiE.dpr</MainSource>
			<Configuration Condition=" '$(Configuration)' == '' ">Debug</Configuration>
			<Platform Condition=" '$(Platform)' == '' ">AnyCPU</Platform>
			<DCC_DCCCompiler>DCC32</DCC_DCCCompiler>
			<DCC_DependencyCheckOutputName>TiE.exe</DCC_DependencyCheckOutputName>
			<ProjectVersion>12.0</ProjectVersion>
			<Config Condition="'$(Config)'==''">Debug</Config>
		</PropertyGroup>
		<PropertyGroup Condition="'$(Config)'=='Base' or '$(Base)'!=''">
			<Base>true</Base>
		</PropertyGroup>
		<PropertyGroup Condition="'$(Config)'=='Release' or '$(Cfg_1)'!=''">
			<Cfg_1>true</Cfg_1>
			<CfgParent>Base</CfgParent>
			<Base>true</Base>
		</PropertyGroup>
		<PropertyGroup Condition="'$(Config)'=='Debug' or '$(Cfg_2)'!=''">
			<Cfg_2>true</Cfg_2>
			<CfgParent>Base</CfgParent>
			<Base>true</Base>
		</PropertyGroup>
		<PropertyGroup Condition="'$(Base)'!=''">
			<BRCC_IncludePath>jedi.inc.prj;$(BRCC_IncludePath)</BRCC_IncludePath>
			<DCC_SUSPICIOUS_TYPECAST>false</DCC_SUSPICIOUS_TYPECAST>
			<DCC_SYMBOL_PLATFORM>false</DCC_SYMBOL_PLATFORM>
			<DCC_UsePackage>rtl;dbexpress;DbxCommonDriver;DataSnapIndy10ServerTransport;DataSnapProviderClient;DataSnapServer;DbxClientDriver;DBXInterBaseDriver;DBXMySQLDriver;vcl;dbrtl;vcldb;dbxcds;vclx;DBXSybaseASEDriver;DBXSybaseASADriver;DBXOracleDriver;DBXMSSQLDriver;DBXInformixDriver;DBXDb2Driver;dsnap;vclactnband;vcldbx;bdertl;dsnapcon;TeeUI;TeeDB;Tee;adortl;IndyCore;IndySystem;IndyProtocols;xmlrtl;inet;intrawebdb_100_120;Intraweb_100_120;VclSmp;vclie;websnap;webdsnap;inetdbbde;inetdbxpress;soaprtl;vclribbon;real_d7</DCC_UsePackage>
			<DCC_DependencyCheckOutputName>TiE.exe</DCC_DependencyCheckOutputName>
		</PropertyGroup>
		<PropertyGroup Condition="'$(Cfg_1)'!=''">
			<Version>7.0</Version>
			<DCC_DebugInformation>False</DCC_DebugInformation>
			<DCC_LocalDebugSymbols>False</DCC_LocalDebugSymbols>
			<DCC_SymbolReferenceInfo>0</DCC_SymbolReferenceInfo>
			<DCC_Define>DEBUG;RELEASE;$(DCC_Define)</DCC_Define>
			<DCC_SYMBOL_PLATFORM>False</DCC_SYMBOL_PLATFORM>
		</PropertyGroup>
		<PropertyGroup Condition="'$(Cfg_2)'!=''">
			<Version>7.0</Version>
			<DCC_Define>DEBUG;DEBUG;$(DCC_Define)</DCC_Define>
			<DCC_SYMBOL_PLATFORM>False</DCC_SYMBOL_PLATFORM>
		</PropertyGroup>
		<ProjectExtensions>
			<Borland.Personality>Delphi.Personality.12</Borland.Personality>
			<Borland.ProjectType>VCLApplication</Borland.ProjectType>
			<BorlandProject>
				<Delphi.Personality>
					<Parameters>
						<Parameters Name="UseLauncher">False</Parameters>
						<Parameters Name="LoadAllSymbols">True</Parameters>
						<Parameters Name="LoadUnspecifiedSymbols">False</Parameters>
					</Parameters>
					<VersionInfo>
						<VersionInfo Name="IncludeVerInfo">True</VersionInfo>
						<VersionInfo Name="AutoIncBuild">False</VersionInfo>
						<VersionInfo Name="MajorVer">2</VersionInfo>
						<VersionInfo Name="MinorVer">2</VersionInfo>
						<VersionInfo Name="Release">6</VersionInfo>
						<VersionInfo Name="Build">1</VersionInfo>
						<VersionInfo Name="Debug">False</VersionInfo>
						<VersionInfo Name="PreRelease">False</VersionInfo>
						<VersionInfo Name="Special">False</VersionInfo>
						<VersionInfo Name="Private">False</VersionInfo>
						<VersionInfo Name="DLL">False</VersionInfo>
						<VersionInfo Name="Locale">1033</VersionInfo>
						<VersionInfo Name="CodePage">1252</VersionInfo>
					</VersionInfo>
					<VersionInfoKeys>
						<VersionInfoKeys Name="CompanyName">Nikolaj Masnikov</VersionInfoKeys>
						<VersionInfoKeys Name="FileDescription">Type it Easy Keyboard Manager</VersionInfoKeys>
						<VersionInfoKeys Name="FileVersion">2.2.6.1</VersionInfoKeys>
						<VersionInfoKeys Name="InternalName">TiE</VersionInfoKeys>
						<VersionInfoKeys Name="LegalCopyright">© Nikolaj Masnikov</VersionInfoKeys>
						<VersionInfoKeys Name="LegalTrademarks">Type it Easy</VersionInfoKeys>
						<VersionInfoKeys Name="OriginalFilename">TiE.exe</VersionInfoKeys>
						<VersionInfoKeys Name="ProductName">Type it Easy</VersionInfoKeys>
						<VersionInfoKeys Name="ProductVersion">2.2.6.1</VersionInfoKeys>
						<VersionInfoKeys Name="Comments">No comments</VersionInfoKeys>
					</VersionInfoKeys>
					<Excluded_Packages>
						<Excluded_Packages Name="$(BDS)\bin\dcloffice2k120.bpl">Microsoft Office 2000 Sample Automation Server Wrapper Components</Excluded_Packages>
						<Excluded_Packages Name="$(BDS)\bin\dclofficexp120.bpl">Microsoft Office XP Sample Automation Server Wrapper Components</Excluded_Packages>
					</Excluded_Packages>
					<Source>
						<Source Name="MainSource">TiE.dpr</Source>
					</Source>
				</Delphi.Personality>
				<ModelSupport>False</ModelSupport>
			</BorlandProject>
			<ProjectFileVersion>12</ProjectFileVersion>
		</ProjectExtensions>
		<ItemGroup>
			<DelphiCompile Include="TiE.dpr">
				<MainSource>MainSource</MainSource>
			</DelphiCompile>
			<DCCReference Include="unitConst.pas"/>
			<DCCReference Include="unitAbout.pas">
				<Form>frmAbout</Form>
			</DCCReference>
			<DCCReference Include="unitKeyboard.pas">
				<Form>frmKeyboard</Form>
			</DCCReference>
			<DCCReference Include="unitOptions.pas">
				<Form>frmOptions</Form>
			</DCCReference>
			<DCCReference Include="unitKeySettings.pas">
				<Form>frmKeySettings</Form>
			</DCCReference>
			<DCCReference Include="unitFunctions.pas"/>
			<DCCReference Include="unitNewPreset.pas">
				<Form>frmNewPreset</Form>
			</DCCReference>
			<DCCReference Include="unitRU_RU.pas"/>
			<DCCReference Include="unitEN_US.pas"/>
			<DCCReference Include="unitLang.pas"/>
			<DCCReference Include="unitHook.pas"/>
			<DCCReference Include="jedi.inc.prj\jwawinnt.pas"/>
			<DCCReference Include="jedi.inc.prj\jwawintype.pas"/>
			<DCCReference Include="unitMakeMenuFromIni.pas"/>
			<BuildConfiguration Include="Base">
				<Key>Base</Key>
			</BuildConfiguration>
			<BuildConfiguration Include="Debug">
				<Key>Cfg_2</Key>
				<CfgParent>Base</CfgParent>
			</BuildConfiguration>
			<BuildConfiguration Include="Release">
				<Key>Cfg_1</Key>
				<CfgParent>Base</CfgParent>
			</BuildConfiguration>
		</ItemGroup>
		<Import Project="$(BDS)\Bin\CodeGear.Delphi.Targets" Condition="Exists('$(BDS)\Bin\CodeGear.Delphi.Targets')"/>
	</Project>
